
Microsoft Visual Studio Solution File, Format Version 12.00
# Visual Studio Version 16
VisualStudioVersion = 16.0.30523.141
MinimumVisualStudioVersion = 10.0.40219.1
Project("{FAE04EC0-301F-11D3-BF4B-00C04F79EFBC}") = "Notes.Android", "Notes\Notes.Android\Notes.Android.csproj", "{649752E0-9651-4E7E-BE52-5ADB9ABAD3E7}"
EndProject
Project("{FAE04EC0-301F-11D3-BF4B-00C04F79EFBC}") = "Notes", "Notes\Notes\Notes.csproj", "{AB173792-EF80-4F8E-8E3A-9B08EEAB17B4}"
EndProject
Global
	GlobalSection(SolutionConfigurationPlatforms) = preSolution
		Debug|Any CPU = Debug|Any CPU
		Release|Any CPU = Release|Any CPU
	EndGlobalSection
	GlobalSection(ProjectConfigurationPlatforms) = postSolution
		{649752E0-9651-4E7E-BE52-5ADB9ABAD3E7}.Debug|Any CPU.ActiveCfg = Debug|Any CPU
		{649752E0-9651-4E7E-BE52-5ADB9ABAD3E7}.Debug|Any CPU.Build.0 = Debug|Any CPU
		{649752E0-9651-4E7E-BE52-5ADB9ABAD3E7}.Debug|Any CPU.Deploy.0 = Debug|Any CPU
		{649752E0-9651-4E7E-BE52-5ADB9ABAD3E7}.Release|Any CPU.ActiveCfg = Release|Any CPU
		{649752E0-9651-4E7E-BE52-5ADB9ABAD3E7}.Release|Any CPU.Build.0 = Release|Any CPU
		{649752E0-9651-4E7E-BE52-5ADB9ABAD3E7}.Release|Any CPU.Deploy.0 = Release|Any CPU
		{AB173792-EF80-4F8E-8E3A-9B08EEAB17B4}.Debug|Any CPU.ActiveCfg = Debug|Any CPU
		{AB173792-EF80-4F8E-8E3A-9B08EEAB17B4}.Debug|Any CPU.Build.0 = Debug|Any CPU
		{AB173792-EF80-4F8E-8E3A-9B08EEAB17B4}.Debug|Any CPU.Deploy.0 = Debug|Any CPU
		{AB173792-EF80-4F8E-8E3A-9B08EEAB17B4}.Release|Any CPU.ActiveCfg = Release|Any CPU
		{AB173792-EF80-4F8E-8E3A-9B08EEAB17B4}.Release|Any CPU.Build.0 = Release|Any CPU
		{AB173792-EF80-4F8E-8E3A-9B08EEAB17B4}.Release|Any CPU.Deploy.0 = Release|Any CPU
	EndGlobalSection
	GlobalSection(SolutionProperties) = preSolution
		HideSolutionNode = FALSE
	EndGlobalSection
	GlobalSection(ExtensibilityGlobals) = postSolution
		SolutionGuid = {3782AB18-23F5-4D0E-8648-BCE777A9A339}
	EndGlobalSection
EndGlobal
